
Microsoft Visual Studio Solution File, Format Version 12.00
# Visual Studio 15
VisualStudioVersion = 15.0.27703.2000
MinimumVisualStudioVersion = 10.0.40219.1
Project("{FAE04EC0-301F-11D3-BF4B-00C04F79EFBC}") = "AnalaizerClass", "AnalaizerClass\AnalaizerClass.csproj", "{428E2346-928E-418B-87E0-6B5D34AE2845}"
EndProject
Global
	GlobalSection(SolutionConfigurationPlatforms) = preSolution
		Debug|Any CPU = Debug|Any CPU
		Release|Any CPU = Release|Any CPU
	EndGlobalSection
	GlobalSection(ProjectConfigurationPlatforms) = postSolution
		{428E2346-928E-418B-87E0-6B5D34AE2845}.Debug|Any CPU.ActiveCfg = Debug|Any CPU
		{428E2346-928E-418B-87E0-6B5D34AE2845}.Debug|Any CPU.Build.0 = Debug|Any CPU
		{428E2346-928E-418B-87E0-6B5D34AE2845}.Release|Any CPU.ActiveCfg = Release|Any CPU
		{428E2346-928E-418B-87E0-6B5D34AE2845}.Release|Any CPU.Build.0 = Release|Any CPU
	EndGlobalSection
	GlobalSection(SolutionProperties) = preSolution
		HideSolutionNode = FALSE
	EndGlobalSection
	GlobalSection(ExtensibilityGlobals) = postSolution
		SolutionGuid = {2F572F1D-0D48-4019-A5C0-3C50449F9EF1}
	EndGlobalSection
EndGlobal
